// !$*UTF8*$!
{
	archiveVersion = 1;
	classes = {
	};
	objectVersion = 50;
	objects = {

/* Begin PBXBuildFile section */
		61515BE82276B41E001CB27C /* EpisodesController.swift in Sources */ = {isa = PBXBuildFile; fileRef = 61515BE72276B41E001CB27C /* EpisodesController.swift */; };
		616E8D502251CD06008636F4 /* AppDelegate.swift in Sources */ = {isa = PBXBuildFile; fileRef = 616E8D4F2251CD06008636F4 /* AppDelegate.swift */; };
		616E8D522251CD06008636F4 /* ViewController.swift in Sources */ = {isa = PBXBuildFile; fileRef = 616E8D512251CD06008636F4 /* ViewController.swift */; };
		616E8D552251CD06008636F4 /* Main.storyboard in Resources */ = {isa = PBXBuildFile; fileRef = 616E8D532251CD06008636F4 /* Main.storyboard */; };
		616E8D572251CD07008636F4 /* Assets.xcassets in Resources */ = {isa = PBXBuildFile; fileRef = 616E8D562251CD07008636F4 /* Assets.xcassets */; };
		616E8D5A2251CD07008636F4 /* LaunchScreen.storyboard in Resources */ = {isa = PBXBuildFile; fileRef = 616E8D582251CD07008636F4 /* LaunchScreen.storyboard */; };
		616E8D622251CEC9008636F4 /* MainTabBarViewController.swift in Sources */ = {isa = PBXBuildFile; fileRef = 616E8D612251CEC9008636F4 /* MainTabBarViewController.swift */; };
		616E8D6522531756008636F4 /* PodcastsSearchViewController.swift in Sources */ = {isa = PBXBuildFile; fileRef = 616E8D6422531756008636F4 /* PodcastsSearchViewController.swift */; };
		616E8D6922531817008636F4 /* Podcast.swift in Sources */ = {isa = PBXBuildFile; fileRef = 616E8D6822531817008636F4 /* Podcast.swift */; };
		616E8D6C2255C3EF008636F4 /* APIService.swift in Sources */ = {isa = PBXBuildFile; fileRef = 616E8D6B2255C3EF008636F4 /* APIService.swift */; };
		616E8D6F22571600008636F4 /* PodcastCell.xib in Resources */ = {isa = PBXBuildFile; fileRef = 616E8D6E22571600008636F4 /* PodcastCell.xib */; };
		616E8D71225718D9008636F4 /* PodcastCell.swift in Sources */ = {isa = PBXBuildFile; fileRef = 616E8D70225718D9008636F4 /* PodcastCell.swift */; };
		61B5E06322644743006C3A46 /* LS+UIImageView.swift in Sources */ = {isa = PBXBuildFile; fileRef = 61B5E06222644743006C3A46 /* LS+UIImageView.swift */; };
		96F487977F26FD8ED2EF56AC /* Pods_Listen.framework in Frameworks */ = {isa = PBXBuildFile; fileRef = E56A8EAD3899727D7485911A /* Pods_Listen.framework */; };
/* End PBXBuildFile section */

/* Begin PBXFileReference section */
		120848D759B434EA8BF9086C /* Pods-Listen.debug.xcconfig */ = {isa = PBXFileReference; includeInIndex = 1; lastKnownFileType = text.xcconfig; name = "Pods-Listen.debug.xcconfig"; path = "Pods/Target Support Files/Pods-Listen/Pods-Listen.debug.xcconfig"; sourceTree = "<group>"; };
		29971CFE7212A33A020ADF11 /* Pods-Listen.release.xcconfig */ = {isa = PBXFileReference; includeInIndex = 1; lastKnownFileType = text.xcconfig; name = "Pods-Listen.release.xcconfig"; path = "Pods/Target Support Files/Pods-Listen/Pods-Listen.release.xcconfig"; sourceTree = "<group>"; };
		61515BE72276B41E001CB27C /* EpisodesController.swift */ = {isa = PBXFileReference; lastKnownFileType = sourcecode.swift; path = EpisodesController.swift; sourceTree = "<group>"; };
		616E8D4C2251CD06008636F4 /* Listen.app */ = {isa = PBXFileReference; explicitFileType = wrapper.application; includeInIndex = 0; path = Listen.app; sourceTree = BUILT_PRODUCTS_DIR; };
		616E8D4F2251CD06008636F4 /* AppDelegate.swift */ = {isa = PBXFileReference; lastKnownFileType = sourcecode.swift; path = AppDelegate.swift; sourceTree = "<group>"; };
		616E8D512251CD06008636F4 /* ViewController.swift */ = {isa = PBXFileReference; lastKnownFileType = sourcecode.swift; path = ViewController.swift; sourceTree = "<group>"; };
		616E8D542251CD06008636F4 /* Base */ = {isa = PBXFileReference; lastKnownFileType = file.storyboard; name = Base; path = Base.lproj/Main.storyboard; sourceTree = "<group>"; };
		616E8D562251CD07008636F4 /* Assets.xcassets */ = {isa = PBXFileReference; lastKnownFileType = folder.assetcatalog; path = Assets.xcassets; sourceTree = "<group>"; };
		616E8D592251CD07008636F4 /* Base */ = {isa = PBXFileReference; lastKnownFileType = file.storyboard; name = Base; path = Base.lproj/LaunchScreen.storyboard; sourceTree = "<group>"; };
		616E8D5B2251CD07008636F4 /* Info.plist */ = {isa = PBXFileReference; lastKnownFileType = text.plist.xml; path = Info.plist; sourceTree = "<group>"; };
		616E8D612251CEC9008636F4 /* MainTabBarViewController.swift */ = {isa = PBXFileReference; lastKnownFileType = sourcecode.swift; path = MainTabBarViewController.swift; sourceTree = "<group>"; };
		616E8D6422531756008636F4 /* PodcastsSearchViewController.swift */ = {isa = PBXFileReference; lastKnownFileType = sourcecode.swift; path = PodcastsSearchViewController.swift; sourceTree = "<group>"; };
		616E8D6822531817008636F4 /* Podcast.swift */ = {isa = PBXFileReference; lastKnownFileType = sourcecode.swift; path = Podcast.swift; sourceTree = "<group>"; };
		616E8D6B2255C3EF008636F4 /* APIService.swift */ = {isa = PBXFileReference; lastKnownFileType = sourcecode.swift; path = APIService.swift; sourceTree = "<group>"; };
		616E8D6E22571600008636F4 /* PodcastCell.xib */ = {isa = PBXFileReference; lastKnownFileType = file.xib; path = PodcastCell.xib; sourceTree = "<group>"; };
		616E8D70225718D9008636F4 /* PodcastCell.swift */ = {isa = PBXFileReference; lastKnownFileType = sourcecode.swift; path = PodcastCell.swift; sourceTree = "<group>"; };
		61B5E06222644743006C3A46 /* LS+UIImageView.swift */ = {isa = PBXFileReference; lastKnownFileType = sourcecode.swift; path = "LS+UIImageView.swift"; sourceTree = "<group>"; };
		E56A8EAD3899727D7485911A /* Pods_Listen.framework */ = {isa = PBXFileReference; explicitFileType = wrapper.framework; includeInIndex = 0; path = Pods_Listen.framework; sourceTree = BUILT_PRODUCTS_DIR; };
/* End PBXFileReference section */

/* Begin PBXFrameworksBuildPhase section */
		616E8D492251CD06008636F4 /* Frameworks */ = {
			isa = PBXFrameworksBuildPhase;
			buildActionMask = 2147483647;
			files = (
				96F487977F26FD8ED2EF56AC /* Pods_Listen.framework in Frameworks */,
			);
			runOnlyForDeploymentPostprocessing = 0;
		};
/* End PBXFrameworksBuildPhase section */

/* Begin PBXGroup section */
		616E8D432251CD06008636F4 = {
			isa = PBXGroup;
			children = (
				616E8D4E2251CD06008636F4 /* Listen */,
				616E8D4D2251CD06008636F4 /* Products */,
				8D386183065D33323C0011E8 /* Pods */,
				97086C50BEADF86896164737 /* Frameworks */,
			);
			sourceTree = "<group>";
		};
		616E8D4D2251CD06008636F4 /* Products */ = {
			isa = PBXGroup;
			children = (
				616E8D4C2251CD06008636F4 /* Listen.app */,
			);
			name = Products;
			sourceTree = "<group>";
		};
		616E8D4E2251CD06008636F4 /* Listen */ = {
			isa = PBXGroup;
			children = (
				616E8D6A2255C3D9008636F4 /* API */,
				616E8D6722531802008636F4 /* Models */,
				616E8D6D225715E8008636F4 /* Views */,
				616E8D6322531725008636F4 /* ViewControllers */,
				61B5E06122644718006C3A46 /* Extensions */,
				616E8D66225317F0008636F4 /* Supporting Files */,
				616E8D5B2251CD07008636F4 /* Info.plist */,
			);
			path = Listen;
			sourceTree = "<group>";
		};
		616E8D6322531725008636F4 /* ViewControllers */ = {
			isa = PBXGroup;
			children = (
				616E8D512251CD06008636F4 /* ViewController.swift */,
				616E8D612251CEC9008636F4 /* MainTabBarViewController.swift */,
				616E8D6422531756008636F4 /* PodcastsSearchViewController.swift */,
				61515BE72276B41E001CB27C /* EpisodesController.swift */,
			);
			path = ViewControllers;
			sourceTree = "<group>";
		};
		616E8D66225317F0008636F4 /* Supporting Files */ = {
			isa = PBXGroup;
			children = (
				616E8D4F2251CD06008636F4 /* AppDelegate.swift */,
				616E8D562251CD07008636F4 /* Assets.xcassets */,
				616E8D582251CD07008636F4 /* LaunchScreen.storyboard */,
			);
			path = "Supporting Files";
			sourceTree = "<group>";
		};
		616E8D6722531802008636F4 /* Models */ = {
			isa = PBXGroup;
			children = (
				616E8D6822531817008636F4 /* Podcast.swift */,
			);
			path = Models;
			sourceTree = "<group>";
		};
		616E8D6A2255C3D9008636F4 /* API */ = {
			isa = PBXGroup;
			children = (
				616E8D6B2255C3EF008636F4 /* APIService.swift */,
			);
			path = API;
			sourceTree = "<group>";
		};
		616E8D6D225715E8008636F4 /* Views */ = {
			isa = PBXGroup;
			children = (
				616E8D532251CD06008636F4 /* Main.storyboard */,
				616E8D6E22571600008636F4 /* PodcastCell.xib */,
				616E8D70225718D9008636F4 /* PodcastCell.swift */,
			);
			name = Views;
			path = ..;
			sourceTree = "<group>";
		};
		61B5E06122644718006C3A46 /* Extensions */ = {
			isa = PBXGroup;
			children = (
				61B5E06222644743006C3A46 /* LS+UIImageView.swift */,
			);
			name = Extensions;
			path = ..;
			sourceTree = "<group>";
		};
		8D386183065D33323C0011E8 /* Pods */ = {
			isa = PBXGroup;
			children = (
				120848D759B434EA8BF9086C /* Pods-Listen.debug.xcconfig */,
				29971CFE7212A33A020ADF11 /* Pods-Listen.release.xcconfig */,
			);
			name = Pods;
			sourceTree = "<group>";
		};
		97086C50BEADF86896164737 /* Frameworks */ = {
			isa = PBXGroup;
			children = (
				E56A8EAD3899727D7485911A /* Pods_Listen.framework */,
			);
			name = Frameworks;
			sourceTree = "<group>";
		};
/* End PBXGroup section */

/* Begin PBXNativeTarget section */
		616E8D4B2251CD06008636F4 /* Listen */ = {
			isa = PBXNativeTarget;
			buildConfigurationList = 616E8D5E2251CD07008636F4 /* Build configuration list for PBXNativeTarget "Listen" */;
			buildPhases = (
				0A877457EA8876F6410EC3D7 /* [CP] Check Pods Manifest.lock */,
				616E8D482251CD06008636F4 /* Sources */,
				616E8D492251CD06008636F4 /* Frameworks */,
				616E8D4A2251CD06008636F4 /* Resources */,
				38DA397B0092F2D6360327F6 /* [CP] Embed Pods Frameworks */,
			);
			buildRules = (
			);
			dependencies = (
			);
			name = Listen;
			productName = Listen;
			productReference = 616E8D4C2251CD06008636F4 /* Listen.app */;
			productType = "com.apple.product-type.application";
		};
/* End PBXNativeTarget section */

/* Begin PBXProject section */
		616E8D442251CD06008636F4 /* Project object */ = {
			isa = PBXProject;
			attributes = {
				LastSwiftUpdateCheck = 1010;
				LastUpgradeCheck = 1010;
				ORGANIZATIONNAME = "Bashir Sentongo";
				TargetAttributes = {
					616E8D4B2251CD06008636F4 = {
						CreatedOnToolsVersion = 10.1;
					};
				};
			};
			buildConfigurationList = 616E8D472251CD06008636F4 /* Build configuration list for PBXProject "Listen" */;
			compatibilityVersion = "Xcode 9.3";
			developmentRegion = en;
			hasScannedForEncodings = 0;
			knownRegions = (
				en,
				Base,
			);
			mainGroup = 616E8D432251CD06008636F4;
			productRefGroup = 616E8D4D2251CD06008636F4 /* Products */;
			projectDirPath = "";
			projectRoot = "";
			targets = (
				616E8D4B2251CD06008636F4 /* Listen */,
			);
		};
/* End PBXProject section */

/* Begin PBXResourcesBuildPhase section */
		616E8D4A2251CD06008636F4 /* Resources */ = {
			isa = PBXResourcesBuildPhase;
			buildActionMask = 2147483647;
			files = (
				616E8D5A2251CD07008636F4 /* LaunchScreen.storyboard in Resources */,
				616E8D572251CD07008636F4 /* Assets.xcassets in Resources */,
				616E8D6F22571600008636F4 /* PodcastCell.xib in Resources */,
				616E8D552251CD06008636F4 /* Main.storyboard in Resources */,
			);
			runOnlyForDeploymentPostprocessing = 0;
		};
/* End PBXResourcesBuildPhase section */

/* Begin PBXShellScriptBuildPhase section */
		0A877457EA8876F6410EC3D7 /* [CP] Check Pods Manifest.lock */ = {
			isa = PBXShellScriptBuildPhase;
			buildActionMask = 2147483647;
			files = (
			);
			inputPaths = (
				"${PODS_PODFILE_DIR_PATH}/Podfile.lock",
				"${PODS_ROOT}/Manifest.lock",
			);
			name = "[CP] Check Pods Manifest.lock";
			outputPaths = (
				"$(DERIVED_FILE_DIR)/Pods-Listen-checkManifestLockResult.txt",
			);
			runOnlyForDeploymentPostprocessing = 0;
			shellPath = /bin/sh;
			shellScript = "diff \"${PODS_PODFILE_DIR_PATH}/Podfile.lock\" \"${PODS_ROOT}/Manifest.lock\" > /dev/null\nif [ $? != 0 ] ; then\n    # print error to STDERR\n    echo \"error: The sandbox is not in sync with the Podfile.lock. Run 'pod install' or update your CocoaPods installation.\" >&2\n    exit 1\nfi\n# This output is used by Xcode 'outputs' to avoid re-running this script phase.\necho \"SUCCESS\" > \"${SCRIPT_OUTPUT_FILE_0}\"\n";
			showEnvVarsInLog = 0;
		};
		38DA397B0092F2D6360327F6 /* [CP] Embed Pods Frameworks */ = {
			isa = PBXShellScriptBuildPhase;
			buildActionMask = 2147483647;
			files = (
			);
			inputPaths = (
				"${SRCROOT}/Pods/Target Support Files/Pods-Listen/Pods-Listen-frameworks.sh",
				"${BUILT_PRODUCTS_DIR}/Alamofire/Alamofire.framework",
				"${BUILT_PRODUCTS_DIR}/SDWebImage/SDWebImage.framework",
			);
			name = "[CP] Embed Pods Frameworks";
			outputPaths = (
				"${TARGET_BUILD_DIR}/${FRAMEWORKS_FOLDER_PATH}/Alamofire.framework",
				"${TARGET_BUILD_DIR}/${FRAMEWORKS_FOLDER_PATH}/SDWebImage.framework",
			);
			runOnlyForDeploymentPostprocessing = 0;
			shellPath = /bin/sh;
			shellScript = "\"${SRCROOT}/Pods/Target Support Files/Pods-Listen/Pods-Listen-frameworks.sh\"\n";
			showEnvVarsInLog = 0;
		};
/* End PBXShellScriptBuildPhase section */

/* Begin PBXSourcesBuildPhase section */
		616E8D482251CD06008636F4 /* Sources */ = {
			isa = PBXSourcesBuildPhase;
			buildActionMask = 2147483647;
			files = (
				616E8D622251CEC9008636F4 /* MainTabBarViewController.swift in Sources */,
				616E8D522251CD06008636F4 /* ViewController.swift in Sources */,
				616E8D502251CD06008636F4 /* AppDelegate.swift in Sources */,
				616E8D6522531756008636F4 /* PodcastsSearchViewController.swift in Sources */,
				616E8D6C2255C3EF008636F4 /* APIService.swift in Sources */,
				61B5E06322644743006C3A46 /* LS+UIImageView.swift in Sources */,
				616E8D6922531817008636F4 /* Podcast.swift in Sources */,
				616E8D71225718D9008636F4 /* PodcastCell.swift in Sources */,
				61515BE82276B41E001CB27C /* EpisodesController.swift in Sources */,
			);
			runOnlyForDeploymentPostprocessing = 0;
		};
/* End PBXSourcesBuildPhase section */

/* Begin PBXVariantGroup section */
		616E8D532251CD06008636F4 /* Main.storyboard */ = {
			isa = PBXVariantGroup;
			children = (
				616E8D542251CD06008636F4 /* Base */,
			);
			name = Main.storyboard;
			sourceTree = "<group>";
		};
		616E8D582251CD07008636F4 /* LaunchScreen.storyboard */ = {
			isa = PBXVariantGroup;
			children = (
				616E8D592251CD07008636F4 /* Base */,
			);
			name = LaunchScreen.storyboard;
			sourceTree = "<group>";
		};
/* End PBXVariantGroup section */

/* Begin XCBuildConfiguration section */
		616E8D5C2251CD07008636F4 /* Debug */ = {
			isa = XCBuildConfiguration;
			buildSettings = {
				ALWAYS_SEARCH_USER_PATHS = NO;
				CLANG_ANALYZER_NONNULL = YES;
				CLANG_ANALYZER_NUMBER_OBJECT_CONVERSION = YES_AGGRESSIVE;
				CLANG_CXX_LANGUAGE_STANDARD = "gnu++14";
				CLANG_CXX_LIBRARY = "libc++";
				CLANG_ENABLE_MODULES = YES;
				CLANG_ENABLE_OBJC_ARC = YES;
				CLANG_ENABLE_OBJC_WEAK = YES;
				CLANG_WARN_BLOCK_CAPTURE_AUTORELEASING = YES;
				CLANG_WARN_BOOL_CONVERSION = YES;
				CLANG_WARN_COMMA = YES;
				CLANG_WARN_CONSTANT_CONVERSION = YES;
				CLANG_WARN_DEPRECATED_OBJC_IMPLEMENTATIONS = YES;
				CLANG_WARN_DIRECT_OBJC_ISA_USAGE = YES_ERROR;
				CLANG_WARN_DOCUMENTATION_COMMENTS = YES;
				CLANG_WARN_EMPTY_BODY = YES;
				CLANG_WARN_ENUM_CONVERSION = YES;
				CLANG_WARN_INFINITE_RECURSION = YES;
				CLANG_WARN_INT_CONVERSION = YES;
				CLANG_WARN_NON_LITERAL_NULL_CONVERSION = YES;
				CLANG_WARN_OBJC_IMPLICIT_RETAIN_SELF = YES;
				CLANG_WARN_OBJC_LITERAL_CONVERSION = YES;
				CLANG_WARN_OBJC_ROOT_CLASS = YES_ERROR;
				CLANG_WARN_RANGE_LOOP_ANALYSIS = YES;
				CLANG_WARN_STRICT_PROTOTYPES = YES;
				CLANG_WARN_SUSPICIOUS_MOVE = YES;
				CLANG_WARN_UNGUARDED_AVAILABILITY = YES_AGGRESSIVE;
				CLANG_WARN_UNREACHABLE_CODE = YES;
				CLANG_WARN__DUPLICATE_METHOD_MATCH = YES;
				CODE_SIGN_IDENTITY = "iPhone Developer";
				COPY_PHASE_STRIP = NO;
				DEBUG_INFORMATION_FORMAT = dwarf;
				ENABLE_STRICT_OBJC_MSGSEND = YES;
				ENABLE_TESTABILITY = YES;
				GCC_C_LANGUAGE_STANDARD = gnu11;
				GCC_DYNAMIC_NO_PIC = NO;
				GCC_NO_COMMON_BLOCKS = YES;
				GCC_OPTIMIZATION_LEVEL = 0;
				GCC_PREPROCESSOR_DEFINITIONS = (
					"DEBUG=1",
					"$(inherited)",
				);
				GCC_WARN_64_TO_32_BIT_CONVERSION = YES;
				GCC_WARN_ABOUT_RETURN_TYPE = YES_ERROR;
				GCC_WARN_UNDECLARED_SELECTOR = YES;
				GCC_WARN_UNINITIALIZED_AUTOS = YES_AGGRESSIVE;
				GCC_WARN_UNUSED_FUNCTION = YES;
				GCC_WARN_UNUSED_VARIABLE = YES;
				IPHONEOS_DEPLOYMENT_TARGET = 12.1;
				MTL_ENABLE_DEBUG_INFO = INCLUDE_SOURCE;
				MTL_FAST_MATH = YES;
				ONLY_ACTIVE_ARCH = YES;
				SDKROOT = iphoneos;
				SWIFT_ACTIVE_COMPILATION_CONDITIONS = DEBUG;
				SWIFT_OPTIMIZATION_LEVEL = "-Onone";
			};
			name = Debug;
		};
		616E8D5D2251CD07008636F4 /* Release */ = {
			isa = XCBuildConfiguration;
			buildSettings = {
				ALWAYS_SEARCH_USER_PATHS = NO;
				CLANG_ANALYZER_NONNULL = YES;
				CLANG_ANALYZER_NUMBER_OBJECT_CONVERSION = YES_AGGRESSIVE;
				CLANG_CXX_LANGUAGE_STANDARD = "gnu++14";
				CLANG_CXX_LIBRARY = "libc++";
				CLANG_ENABLE_MODULES = YES;
				CLANG_ENABLE_OBJC_ARC = YES;
				CLANG_ENABLE_OBJC_WEAK = YES;
				CLANG_WARN_BLOCK_CAPTURE_AUTORELEASING = YES;
				CLANG_WARN_BOOL_CONVERSION = YES;
				CLANG_WARN_COMMA = YES;
				CLANG_WARN_CONSTANT_CONVERSION = YES;
				CLANG_WARN_DEPRECATED_OBJC_IMPLEMENTATIONS = YES;
				CLANG_WARN_DIRECT_OBJC_ISA_USAGE = YES_ERROR;
				CLANG_WARN_DOCUMENTATION_COMMENTS = YES;
				CLANG_WARN_EMPTY_BODY = YES;
				CLANG_WARN_ENUM_CONVERSION = YES;
				CLANG_WARN_INFINITE_RECURSION = YES;
				CLANG_WARN_INT_CONVERSION = YES;
				CLANG_WARN_NON_LITERAL_NULL_CONVERSION = YES;
				CLANG_WARN_OBJC_IMPLICIT_RETAIN_SELF = YES;
				CLANG_WARN_OBJC_LITERAL_CONVERSION = YES;
				CLANG_WARN_OBJC_ROOT_CLASS = YES_ERROR;
				CLANG_WARN_RANGE_LOOP_ANALYSIS = YES;
				CLANG_WARN_STRICT_PROTOTYPES = YES;
				CLANG_WARN_SUSPICIOUS_MOVE = YES;
				CLANG_WARN_UNGUARDED_AVAILABILITY = YES_AGGRESSIVE;
				CLANG_WARN_UNREACHABLE_CODE = YES;
				CLANG_WARN__DUPLICATE_METHOD_MATCH = YES;
				CODE_SIGN_IDENTITY = "iPhone Developer";
				COPY_PHASE_STRIP = NO;
				DEBUG_INFORMATION_FORMAT = "dwarf-with-dsym";
				ENABLE_NS_ASSERTIONS = NO;
				ENABLE_STRICT_OBJC_MSGSEND = YES;
				GCC_C_LANGUAGE_STANDARD = gnu11;
				GCC_NO_COMMON_BLOCKS = YES;
				GCC_WARN_64_TO_32_BIT_CONVERSION = YES;
				GCC_WARN_ABOUT_RETURN_TYPE = YES_ERROR;
				GCC_WARN_UNDECLARED_SELECTOR = YES;
				GCC_WARN_UNINITIALIZED_AUTOS = YES_AGGRESSIVE;
				GCC_WARN_UNUSED_FUNCTION = YES;
				GCC_WARN_UNUSED_VARIABLE = YES;
				IPHONEOS_DEPLOYMENT_TARGET = 12.1;
				MTL_ENABLE_DEBUG_INFO = NO;
				MTL_FAST_MATH = YES;
				SDKROOT = iphoneos;
				SWIFT_COMPILATION_MODE = wholemodule;
				SWIFT_OPTIMIZATION_LEVEL = "-O";
				VALIDATE_PRODUCT = YES;
			};
			name = Release;
		};
		616E8D5F2251CD07008636F4 /* Debug */ = {
			isa = XCBuildConfiguration;
			baseConfigurationReference = 120848D759B434EA8BF9086C /* Pods-Listen.debug.xcconfig */;
			buildSettings = {
				ASSETCATALOG_COMPILER_APPICON_NAME = AppIcon;
				CODE_SIGN_STYLE = Automatic;
				DEVELOPMENT_TEAM = 5X9NB9TY7D;
				INFOPLIST_FILE = Listen/Info.plist;
				LD_RUNPATH_SEARCH_PATHS = (
					"$(inherited)",
					"@executable_path/Frameworks",
				);
				PRODUCT_BUNDLE_IDENTIFIER = BashirskLLC.Listen;
				PRODUCT_NAME = "$(TARGET_NAME)";
				SWIFT_VERSION = 4.2;
				TARGETED_DEVICE_FAMILY = "1,2";
			};
			name = Debug;
		};
		616E8D602251CD07008636F4 /* Release */ = {
			isa = XCBuildConfiguration;
			baseConfigurationReference = 29971CFE7212A33A020ADF11 /* Pods-Listen.release.xcconfig */;
			buildSettings = {
				ASSETCATALOG_COMPILER_APPICON_NAME = AppIcon;
				CODE_SIGN_STYLE = Automatic;
				DEVELOPMENT_TEAM = 5X9NB9TY7D;
				INFOPLIST_FILE = Listen/Info.plist;
				LD_RUNPATH_SEARCH_PATHS = (
					"$(inherited)",
					"@executable_path/Frameworks",
				);
				PRODUCT_BUNDLE_IDENTIFIER = BashirskLLC.Listen;
				PRODUCT_NAME = "$(TARGET_NAME)";
				SWIFT_VERSION = 4.2;
				TARGETED_DEVICE_FAMILY = "1,2";
			};
			name = Release;
		};
/* End XCBuildConfiguration section */

/* Begin XCConfigurationList section */
		616E8D472251CD06008636F4 /* Build configuration list for PBXProject "Listen" */ = {
			isa = XCConfigurationList;
			buildConfigurations = (
				616E8D5C2251CD07008636F4 /* Debug */,
				616E8D5D2251CD07008636F4 /* Release */,
			);
			defaultConfigurationIsVisible = 0;
			defaultConfigurationName = Release;
		};
		616E8D5E2251CD07008636F4 /* Build configuration list for PBXNativeTarget "Listen" */ = {
			isa = XCConfigurationList;
			buildConfigurations = (
				616E8D5F2251CD07008636F4 /* Debug */,
				616E8D602251CD07008636F4 /* Release */,
			);
			defaultConfigurationIsVisible = 0;
			defaultConfigurationName = Release;
		};
/* End XCConfigurationList section */
	};
	rootObject = 616E8D442251CD06008636F4 /* Project object */;
}
